
Microsoft Visual Studio Solution File, Format Version 12.00
# Visual Studio Version 17
VisualStudioVersion = 17.1.32210.238
MinimumVisualStudioVersion = 10.0.40219.1
Project("{FAE04EC0-301F-11D3-BF4B-00C04F79EFBC}") = "modul4_1302194097", "modul4_1302194097\modul4_1302194097.csproj", "{A24F9262-A230-48D3-B62F-707F654E3FD7}"
EndProject
Global
	GlobalSection(SolutionConfigurationPlatforms) = preSolution
		Debug|Any CPU = Debug|Any CPU
		Release|Any CPU = Release|Any CPU
	EndGlobalSection
	GlobalSection(ProjectConfigurationPlatforms) = postSolution
		{A24F9262-A230-48D3-B62F-707F654E3FD7}.Debug|Any CPU.ActiveCfg = Debug|Any CPU
		{A24F9262-A230-48D3-B62F-707F654E3FD7}.Debug|Any CPU.Build.0 = Debug|Any CPU
		{A24F9262-A230-48D3-B62F-707F654E3FD7}.Release|Any CPU.ActiveCfg = Release|Any CPU
		{A24F9262-A230-48D3-B62F-707F654E3FD7}.Release|Any CPU.Build.0 = Release|Any CPU
	EndGlobalSection
	GlobalSection(SolutionProperties) = preSolution
		HideSolutionNode = FALSE
	EndGlobalSection
	GlobalSection(ExtensibilityGlobals) = postSolution
		SolutionGuid = {A5BA0CAB-7857-44D7-9EA7-7964CABDCCEA}
	EndGlobalSection
EndGlobal
